
Microsoft Visual Studio Solution File, Format Version 12.00
# Visual Studio Version 16
VisualStudioVersion = 16.0.31402.337
MinimumVisualStudioVersion = 10.0.40219.1
Project("{9A19103F-16F7-4668-BE54-9A1E7A4F7556}") = "Supervisor.API", "Supervisor.API\Supervisor.API.csproj", "{FF56DD58-F454-4F25-8D93-D52EFDEF48C0}"
EndProject
Project("{9A19103F-16F7-4668-BE54-9A1E7A4F7556}") = "Mediavalet.Domain", "Mediavalet.Domain\Mediavalet.Domain.csproj", "{C113F9A2-5DFB-40F7-A632-830DD50A4DA6}"
EndProject
Project("{9A19103F-16F7-4668-BE54-9A1E7A4F7556}") = "MediaValet.Core", "MediaValet.Core\MediaValet.Core.csproj", "{909B8A4D-0AAF-4C24-9507-BDA9C6EDBB17}"
EndProject
Project("{FAE04EC0-301F-11D3-BF4B-00C04F79EFBC}") = "AgentApp", "AgentApp.Console\AgentApp.csproj", "{C00924B4-C19B-48BE-A6A9-6FA04474418F}"
EndProject
Project("{FAE04EC0-301F-11D3-BF4B-00C04F79EFBC}") = "Mediavalet.Test", "MediaValet.Test\Mediavalet.Test.csproj", "{62D60BA5-3219-4C2A-840A-ADE75C818452}"
EndProject
Global
	GlobalSection(SolutionConfigurationPlatforms) = preSolution
		Debug|Any CPU = Debug|Any CPU
		Release|Any CPU = Release|Any CPU
	EndGlobalSection
	GlobalSection(ProjectConfigurationPlatforms) = postSolution
		{FF56DD58-F454-4F25-8D93-D52EFDEF48C0}.Debug|Any CPU.ActiveCfg = Debug|Any CPU
		{FF56DD58-F454-4F25-8D93-D52EFDEF48C0}.Debug|Any CPU.Build.0 = Debug|Any CPU
		{FF56DD58-F454-4F25-8D93-D52EFDEF48C0}.Release|Any CPU.ActiveCfg = Release|Any CPU
		{FF56DD58-F454-4F25-8D93-D52EFDEF48C0}.Release|Any CPU.Build.0 = Release|Any CPU
		{C113F9A2-5DFB-40F7-A632-830DD50A4DA6}.Debug|Any CPU.ActiveCfg = Debug|Any CPU
		{C113F9A2-5DFB-40F7-A632-830DD50A4DA6}.Debug|Any CPU.Build.0 = Debug|Any CPU
		{C113F9A2-5DFB-40F7-A632-830DD50A4DA6}.Release|Any CPU.ActiveCfg = Release|Any CPU
		{C113F9A2-5DFB-40F7-A632-830DD50A4DA6}.Release|Any CPU.Build.0 = Release|Any CPU
		{909B8A4D-0AAF-4C24-9507-BDA9C6EDBB17}.Debug|Any CPU.ActiveCfg = Debug|Any CPU
		{909B8A4D-0AAF-4C24-9507-BDA9C6EDBB17}.Debug|Any CPU.Build.0 = Debug|Any CPU
		{909B8A4D-0AAF-4C24-9507-BDA9C6EDBB17}.Release|Any CPU.ActiveCfg = Release|Any CPU
		{909B8A4D-0AAF-4C24-9507-BDA9C6EDBB17}.Release|Any CPU.Build.0 = Release|Any CPU
		{C00924B4-C19B-48BE-A6A9-6FA04474418F}.Debug|Any CPU.ActiveCfg = Debug|Any CPU
		{C00924B4-C19B-48BE-A6A9-6FA04474418F}.Debug|Any CPU.Build.0 = Debug|Any CPU
		{C00924B4-C19B-48BE-A6A9-6FA04474418F}.Release|Any CPU.ActiveCfg = Release|Any CPU
		{C00924B4-C19B-48BE-A6A9-6FA04474418F}.Release|Any CPU.Build.0 = Release|Any CPU
		{62D60BA5-3219-4C2A-840A-ADE75C818452}.Debug|Any CPU.ActiveCfg = Debug|Any CPU
		{62D60BA5-3219-4C2A-840A-ADE75C818452}.Debug|Any CPU.Build.0 = Debug|Any CPU
		{62D60BA5-3219-4C2A-840A-ADE75C818452}.Release|Any CPU.ActiveCfg = Release|Any CPU
		{62D60BA5-3219-4C2A-840A-ADE75C818452}.Release|Any CPU.Build.0 = Release|Any CPU
	EndGlobalSection
	GlobalSection(SolutionProperties) = preSolution
		HideSolutionNode = FALSE
	EndGlobalSection
	GlobalSection(ExtensibilityGlobals) = postSolution
		SolutionGuid = {716E4F72-3DCC-45B0-BAEE-2AECD859976E}
	EndGlobalSection
EndGlobal
